github.com/alecthomas/assert/v2 v2.11.0 h1:2Q9r3ki8+JYXvGsDyBXwH3LcJ+WK5D0gc5E8vS6K3D0=
github.com/alecthomas/assert/v2 v2.11.0/go.mod h1:Bze95FyfUr7x34QZrjL+XP+0qgp/zg8yS+TtBj1WA3k=
github.com/alecthomas/chroma/v2 v2.23.1 h1:nv2AVZdTyClGbVQkIzlDm/rnhk1E9bU9nXwmZ/Vk/iY=
github.com/alecthomas/chroma/v2 v2.23.1/go.mod h1:NqVhfBR0lte5Ouh3DcthuUCTUpDC9cxBOfyMbMQPs3o=
github.com/alecthomas/repr v0.5.2 h1:SU73FTI9D1P5UNtvseffFSGmdNci/O6RsqzeXJtP0Qs=
github.com/alecthomas/repr v0.5.2/go.mod h1:Fr0507jx4eOXV7AlPV6AVZLYrLIuIeSOWtW57eE/O/4=
github.com/davecgh/go-spew v1.1.0/go.mod h1:J7Y8YcW2NihsgmVo/mv3lAwl/skON4iLHjSsI+c5H38=
github.com/davecgh/go-spew v1.1.1 h1:vj9j/u1bqnvCEfJOwUhtlOARqs3+rkHYY13jYWTU97c=
github.com/davecgh/go-spew v1.1.1/go.mod h1:J7Y8YcW2NihsgmVo/mv3lAwl/skON4iLHjSsI+c5H38=
github.com/dlclark/regexp2 v1.11.5 h1:Q/sSnsKerHeCkc/jSTNq1oCm7KiVgUMZRDUoRu0JQZQ=
github.com/dlclark/regexp2 v1.11.5/go.mod h1:DHkYz0B9wPfa6wondMfaivmHpzrQ3v9q8cnmRbL6yW8=
github.com/gobuffalo/flect v1.0.2 h1:eqjPGSo2WmjgY2XlpGwo2NXgL3RucAKo4k4qQMNA5sA=
github.com/gobuffalo/flect v1.0.2/go.mod h1:A5msMlrHtLqh9umBSnvabjsMrCcCpAyzglnDvkbYKHs=
github.com/gofrs/uuid/v5 v5.0.0 h1:p544++a97kEL+svbcFbCQVM9KFu0Yo25UoISXGNNH9M=
github.com/gofrs/uuid/v5 v5.0.0/go.mod h1:CDOjlDMVAtN56jqyRUZh58JT31Tiw7/oQyEXZV+9bD8=
github.com/hexops/gotextdiff v1.0.3 h1:gitA9+qJrrTCsiCl7+kh75nPqQt1cx4ZkudSTLoUqJM=
github.com/hexops/gotextdiff v1.0.3/go.mod h1:pSWU5MAI3yDq+fZBTazCSJysOMbxWL1BSow5/V2vxeg=
github.com/kr/text v0.2.0 h1:5Nx0Ya0ZqY2ygV366QzturHI13Jq95ApcVaJBhpS+AY=
github.com/kr/text v0.2.0/go.mod h1:eLer722TekiGuMkidMxC/pM04lWEeraHUUmBw8l2grE=
github.com/markbates/clam v0.0.0-20240219024730-b98cdab94ec3 h1:dD7cV95C3jWtuBfJycK6D8uuli0FJK4md9RSRV2/LHU=
github.com/markbates/clam v0.0.0-20240219024730-b98cdab94ec3/go.mod h1:sLg6WXuDjdORMJaWZHBuzW6IcfjaYLaktEtdXxdM/Sk=
github.com/markbates/cleo v0.0.0-20240313030849-949830e20db3 h1:DL5cdEA9XZXn9sCdflvAneW2DAngKgBzGmzL/ah5PlY=
github.com/markbates/cleo v0.0.0-20240313030849-949830e20db3/go.mod h1:aBLUc128teQ9d5+++pa+hmRxF0+Ka3d8SWXEVu9GT8c=
github.com/markbates/fsx v1.3.0 h1:eunGc5BKa7ELGDnsN1Fe8LBH1/ZSeDmAbqIx2DAQRtM=
github.com/markbates/fsx v1.3.0/go.mod h1:t7HbKJBmGY9+Wz+4kZI+67Utu3vYLcxKMjfUzz/eOA4=
github.com/markbates/garlic v1.1.0 h1:hKGzy51xAnXsLXqbxZrjJTl6LCGIm977xdPK7E1S5ms=
github.com/markbates/garlic v1.1.0/go.mod h1:hPIdI7EYjbnhpj2AIGYg32YH7k+JUhnMd9L17M3INkM=
github.com/markbates/hepa v0.0.0-20211129002629-856d16f89b9d h1:+2OKR5x2iAJTQ2/u8Uyk1hOnJ8pneNV298dhJ0DO0nU=
github.com/markbates/hepa v0.0.0-20211129002629-856d16f89b9d/go.mod h1:YCs1lt0wCv6j/HTzT2V/bUWKgdXlOXwTz0118HvMGAo=
github.com/markbates/iox v1.0.0 h1:jbg1H1DH1U9yPJ5WxdRw9zl8B4hHg9/xwe4+yLXgLY0=
github.com/markbates/iox v1.0.0/go.mod h1:q+P6BLqC21cbcmL82OdIO3A9VFCjq9fRQ+ije7T85ow=
github.com/markbates/plugins v1.1.0 h1:ruPPMnGOnYffVkRE/C6IQS7AKLc3vP4abemkYEeNSp0=
github.com/markbates/plugins v1.1.0/go.mod h1:X2NnUeaBnHd9a9S98HH+pkIHd/Xc3TYKEDWmGEAMQ3o=
github.com/markbates/sweets v0.0.0-20210926032915-062eb9bcc0e5 h1:od8GvggTptD2HUz8nGaQQe6n1zAHDbsG+82hfHPNExY=
github.com/markbates/sweets v0.0.0-20210926032915-062eb9bcc0e5/go.mod h1:NMNrJiINR9aeBgn5wfzZMJOnwWnDaj4hDOGpGoVV3XE=
github.com/markbates/syncx v1.5.1 h1:Kv0hrHUOU0FQ27QgiYf2SDo0JSQ04KcaLysyOtBYrcY=
github.com/markbates/syncx v1.5.1/go.mod h1:bOJr9+255qZxDuYK+YupRlTNDVZBJvcpuWRqomeM39o=
github.com/markbates/table v0.0.0-20230314205021-441ed58296d1 h1:pai/4PecxeuRlO1Nyljteq/vH02eVoLrlx4UwEucBSE=
github.com/markbates/table v0.0.0-20230314205021-441ed58296d1/go.mod h1:j43uhc/bgGCB5WR8/r0ta0GL/PgRXKvoBl3bXnsX7AE=
github.com/mattn/go-shellwords v1.0.12 h1:M2zGm7EW6UQJvDeQxo4T51eKPurbeFbe8WtebGE2xrk=
github.com/mattn/go-shellwords v1.0.12/go.mod h1:EZzvwXDESEeg03EKmM+RmDnNOPKG4lLtQsUlTZDWQ8Y=
github.com/niemeyer/pretty v0.0.0-20200227124842-a10e7caefd8e h1:fD57ERR4JtEqsWbfPhv4DMiApHyliiK5xCTNVSPiaAs=
github.com/niemeyer/pretty v0.0.0-20200227124842-a10e7caefd8e/go.mod h1:zD1mROLANZcx1PVRCS0qkT7pwLkGfwJo4zjcN/Tysno=
github.com/pmezard/go-difflib v1.0.0 h1:4DBwDE0NGyQoBHbLQYPwSUPoCMWR5BEzIk/f1lZbAQM=
github.com/pmezard/go-difflib v1.0.0/go.mod h1:iKH77koFhYxTK1pcRnkKkqfTogsbg7gZNVY4sRDYZ/4=
github.com/russross/blackfriday/v2 v2.1.0 h1:JIOH55/0cWyOuilr9/qlrm0BSXldqnqwMsf35Ld67mk=
github.com/russross/blackfriday/v2 v2.1.0/go.mod h1:+Rmxgy9KzJVeS9/2gXHxylqXiyQDYRxCVz55jmeOWTM=
github.com/stretchr/objx v0.1.0/go.mod h1:HFkY916IF+rwdDfMAkV7OtwuqBVzrE8GR6GFx+wExME=
github.com/stretchr/objx v0.4.0/go.mod h1:YvHI0jy2hoMjB+UWwv71VJQ9isScKT/TqJzVSSt89Yw=
github.com/stretchr/objx v0.5.0/go.mod h1:Yh+to48EsGEfYuaHDzXPcE3xhTkx73EhmCGUpEOglKo=
github.com/stretchr/testify v1.7.1/go.mod h1:6Fq8oRcR53rry900zMqJjRRixrwX3KX962/h/Wwjteg=
github.com/stretchr/testify v1.8.0/go.mod h1:yNjHg4UonilssWZ8iaSj1OCr/vHnekPRkoO+kdMU+MU=
github.com/stretchr/testify v1.8.1/go.mod h1:w2LPCIKwWwSfY2zedu0+kehJoqGctiVI29o6fzry7u4=
github.com/stretchr/testify v1.10.0 h1:Xv5erBjTwe/5IxqUQTdXv5kgmIvbHo3QQyRwhJsOfJA=
github.com/stretchr/testify v1.10.0/go.mod h1:r2ic/lqez/lEtzL7wO/rwa5dbSLXVDPFyf8C91i36aY=
golang.org/x/exp v0.0.0-20240222234643-814bf88cf225 h1:LfspQV/FYTatPTr/3HzIcmiUFH7PGP+OQ6mgDYo3yuQ=
golang.org/x/exp v0.0.0-20240222234643-814bf88cf225/go.mod h1:CxmFvTBINI24O/j8iY7H1xHzx2i4OsyguNBmN/uPtqc=
golang.org/x/net v0.39.0 h1:ZCu7HMWDxpXpaiKdhzIfaltL9Lp31x/3fCP11bc6/fY=
golang.org/x/net v0.39.0/go.mod h1:X7NRbYVEA+ewNkCNyJ513WmMdQ3BineSwVtN2zD/d+E=
golang.org/x/sync v0.13.0 h1:AauUjRAJ9OSnvULf/ARrrVywoJDy0YS2AwQ98I37610=
golang.org/x/sync v0.13.0/go.mod h1:1dzgHSNfp02xaA81J2MS99Qcpr2w7fw1gpm99rleRqA=
gopkg.in/check.v1 v0.0.0-20161208181325-20d25e280405/go.mod h1:Co6ibVJAznAaIkqp8huTwlJQCZ016jof/cbN4VW5Yz0=
gopkg.in/check.v1 v1.0.0-20200227125254-8fa46927fb4f h1:BLraFXnmrev5lT+xlilqcH8XK9/i0At2xKjWk4p6zsU=
gopkg.in/check.v1 v1.0.0-20200227125254-8fa46927fb4f/go.mod h1:Co6ibVJAznAaIkqp8huTwlJQCZ016jof/cbN4VW5Yz0=
gopkg.in/yaml.v3 v3.0.0-20200313102051-9f266ea9e77c/go.mod h1:K4uyk7z7BCEPqu6E+C64Yfv1cQ7kz7rIZviUmN+EgEM=
gopkg.in/yaml.v3 v3.0.1 h1:fxVm/GzAzEWqLHuvctI91KS9hhNmmWOoWu0XTYJS7CA=
gopkg.in/yaml.v3 v3.0.1/go.mod h1:K4uyk7z7BCEPqu6E+C64Yfv1cQ7kz7rIZviUmN+EgEM=
