github.com/davecgh/go-spew v1.1.0 h1:ZDRjVQ15GmhC3fiQ8ni8+OwkZQO4DARzQgrnXU1Liz8=
github.com/davecgh/go-spew v1.1.0/go.mod h1:J7Y8YcW2NihsgmVo/mv3lAwl/skON4iLHjSsI+c5H38=
github.com/gobuffalo/flect v0.2.5 h1:H6vvsv2an0lalEaCDRThvtBfmg44W/QHXBCYUXf/6S4=
github.com/gobuffalo/flect v0.2.5/go.mod h1:1ZyCLIbg0YD7sDkzvFdPoOydPtD8y9JQnrOROolUcM8=
github.com/markbates/clam v0.0.0-20220522031332-01a04f03fce1 h1:GDgYLWAWoYKUvoaCNaFeClUUIJxAoli2OdGkgHFNJ0Q=
github.com/markbates/clam v0.0.0-20220522031332-01a04f03fce1/go.mod h1:23auxWdaXgX3dOISh1RSNExzrhJHBphTwTCoosj+LqA=
github.com/markbates/cleo v0.0.0-20220615190133-f8f8b753c38b h1:MXcUdn3QGPckNhdV3KVkw/1xD8gLpfVs+gJaV93ZoLQ=
github.com/markbates/cleo v0.0.0-20220615190133-f8f8b753c38b/go.mod h1:Vi/nZS6I1Id72LoTNins5jNruef+bkEh5I1qcYsQf9g=
github.com/markbates/sweets v0.0.0-20210926032915-062eb9bcc0e5 h1:od8GvggTptD2HUz8nGaQQe6n1zAHDbsG+82hfHPNExY=
github.com/markbates/sweets v0.0.0-20210926032915-062eb9bcc0e5/go.mod h1:NMNrJiINR9aeBgn5wfzZMJOnwWnDaj4hDOGpGoVV3XE=
github.com/markbates/syncx v1.4.0 h1:mnnQiWBUPUACTowVeadf79UlpXDSKfiq9XXqFva0r2g=
github.com/markbates/syncx v1.4.0/go.mod h1:9q1HC6tMaCgDH1rKVQGmMXvY2t8NIbG0qaH+QBrLn9A=
github.com/mattn/go-shellwords v1.0.12 h1:M2zGm7EW6UQJvDeQxo4T51eKPurbeFbe8WtebGE2xrk=
github.com/mattn/go-shellwords v1.0.12/go.mod h1:EZzvwXDESEeg03EKmM+RmDnNOPKG4lLtQsUlTZDWQ8Y=
github.com/pmezard/go-difflib v1.0.0 h1:4DBwDE0NGyQoBHbLQYPwSUPoCMWR5BEzIk/f1lZbAQM=
github.com/pmezard/go-difflib v1.0.0/go.mod h1:iKH77koFhYxTK1pcRnkKkqfTogsbg7gZNVY4sRDYZ/4=
github.com/russross/blackfriday/v2 v2.1.0 h1:JIOH55/0cWyOuilr9/qlrm0BSXldqnqwMsf35Ld67mk=
github.com/russross/blackfriday/v2 v2.1.0/go.mod h1:+Rmxgy9KzJVeS9/2gXHxylqXiyQDYRxCVz55jmeOWTM=
github.com/stretchr/objx v0.1.0/go.mod h1:HFkY916IF+rwdDfMAkV7OtwuqBVzrE8GR6GFx+wExME=
github.com/stretchr/testify v1.7.0/go.mod h1:6Fq8oRcR53rry900zMqJjRRixrwX3KX962/h/Wwjteg=
github.com/stretchr/testify v1.7.2 h1:4jaiDzPyXQvSd7D0EjG45355tLlV3VOECpq10pLC+8s=
github.com/stretchr/testify v1.7.2/go.mod h1:R6va5+xMeoiuVRoj+gSkQ7d3FALtqAAGI1FQKckRals=
golang.org/x/exp v0.0.0-20220428152302-39d4317da171 h1:TfdoLivD44QwvssI9Sv1xwa5DcL5XQr4au4sZ2F2NV4=
golang.org/x/exp v0.0.0-20220428152302-39d4317da171/go.mod h1:lgLbSvA5ygNOMpwM/9anMpWVlVJ7Z+cHWq/eFuinpGE=
golang.org/x/net v0.0.0-20220615171555-694bf12d69de h1:ogOG2+P6LjO2j55AkRScrkB2BFpd+Z8TY2wcM0Z3MGo=
golang.org/x/net v0.0.0-20220615171555-694bf12d69de/go.mod h1:XRhObCWvk6IyKnWLug+ECip1KBveYUHfp+8e9klMJ9c=
golang.org/x/sync v0.0.0-20220601150217-0de741cfad7f h1:Ax0t5p6N38Ga0dThY21weqDEyz2oklo4IvDkpigvkD8=
golang.org/x/sync v0.0.0-20220601150217-0de741cfad7f/go.mod h1:RxMgew5VJxzue5/jJTE5uejpjVlOe/izrB70Jof72aM=
gopkg.in/check.v1 v0.0.0-20161208181325-20d25e280405 h1:yhCVgyC4o1eVCa2tZl7eS0r+SDo693bJlVdllGtEeKM=
gopkg.in/check.v1 v0.0.0-20161208181325-20d25e280405/go.mod h1:Co6ibVJAznAaIkqp8huTwlJQCZ016jof/cbN4VW5Yz0=
gopkg.in/yaml.v3 v3.0.0-20200313102051-9f266ea9e77c/go.mod h1:K4uyk7z7BCEPqu6E+C64Yfv1cQ7kz7rIZviUmN+EgEM=
gopkg.in/yaml.v3 v3.0.1 h1:fxVm/GzAzEWqLHuvctI91KS9hhNmmWOoWu0XTYJS7CA=
gopkg.in/yaml.v3 v3.0.1/go.mod h1:K4uyk7z7BCEPqu6E+C64Yfv1cQ7kz7rIZviUmN+EgEM=
