github.com/davecgh/go-spew v1.1.0 h1:ZDRjVQ15GmhC3fiQ8ni8+OwkZQO4DARzQgrnXU1Liz8=
github.com/markbates/contextual v0.0.0-20211107213846-0ffa4e6f662e h1:Hu0fabOcqGMAdvhNyiX+ffdXEMIhzapJH2p8VA73mrA=
github.com/markbates/contextual v0.0.0-20211107213846-0ffa4e6f662e/go.mod h1:JGBtqTbPtGkLQCg4EOkOD2S08an/DFXU9QrxW+pSg68=
github.com/pmezard/go-difflib v1.0.0 h1:4DBwDE0NGyQoBHbLQYPwSUPoCMWR5BEzIk/f1lZbAQM=
github.com/stretchr/testify v1.7.0 h1:nwc3DEeHmmLAfoZucVR881uASk0Mfjw8xYJ99tb5CcY=
gopkg.in/yaml.v3 v3.0.0-20200313102051-9f266ea9e77c h1:dUUwHk2QECo/6vqA44rthZ8ie2QXMNeKRTHCNY2nXvo=
